	<Project xmlns="http://schemas.microsoft.com/developer/msbuild/2003">
		<PropertyGroup>
			<ProjectGuid>{2DDA779B-92D7-4CAE-A45B-48B297B64873}</ProjectGuid>
			<ProjectVersion>13.4</ProjectVersion>
			<MainSource>libariel.dpr</MainSource>
			<Config Condition="'$(Config)'==''">Debug</Config>
			<DCC_DCCCompiler>DCC32</DCC_DCCCompiler>
			<FrameworkType>None</FrameworkType>
			<Base>True</Base>
			<Platform Condition="'$(Platform)'==''">Win32</Platform>
			<TargetedPlatforms>1</TargetedPlatforms>
			<AppType>Library</AppType>
		</PropertyGroup>
		<PropertyGroup Condition="'$(Config)'=='Base' or '$(Base)'!=''">
			<Base>true</Base>
		</PropertyGroup>
		<PropertyGroup Condition="('$(Platform)'=='Win64' and '$(Base)'=='true') or '$(Base_Win64)'!=''">
			<Base_Win64>true</Base_Win64>
			<CfgParent>Base</CfgParent>
			<Base>true</Base>
		</PropertyGroup>
		<PropertyGroup Condition="('$(Platform)'=='Win32' and '$(Base)'=='true') or '$(Base_Win32)'!=''">
			<Base_Win32>true</Base_Win32>
			<CfgParent>Base</CfgParent>
			<Base>true</Base>
		</PropertyGroup>
		<PropertyGroup Condition="'$(Config)'=='Release' or '$(Cfg_1)'!=''">
			<Cfg_1>true</Cfg_1>
			<CfgParent>Base</CfgParent>
			<Base>true</Base>
		</PropertyGroup>
		<PropertyGroup Condition="'$(Config)'=='Debug' or '$(Cfg_2)'!=''">
			<Cfg_2>true</Cfg_2>
			<CfgParent>Base</CfgParent>
			<Base>true</Base>
		</PropertyGroup>
		<PropertyGroup Condition="'$(Base)'!=''">
			<VerInfo_AutoGenVersion>true</VerInfo_AutoGenVersion>
			<VerInfo_Build>42</VerInfo_Build>
			<DCC_Namespace>System;Xml;Data;Datasnap;Web;Soap;Vcl;Web.Win;Winapi;$(DCC_Namespace)</DCC_Namespace>
			<VerInfo_IncludeVerInfo>true</VerInfo_IncludeVerInfo>
			<VerInfo_Keys>CompanyName=;FileDescription=;FileVersion=1.0.1.42;InternalName=;LegalCopyright=;LegalTrademarks=;OriginalFilename=;ProductName=;ProductVersion=1.0.0.0;Comments=</VerInfo_Keys>
			<VerInfo_Locale>1049</VerInfo_Locale>
			<VerInfo_Release>1</VerInfo_Release>
			<DCC_ExeOutput>release</DCC_ExeOutput>
			<DCC_DependencyCheckOutputName>release\libariel.dll</DCC_DependencyCheckOutputName>
			<DCC_UnitSearchPath>src;$(DCC_UnitSearchPath)</DCC_UnitSearchPath>
			<DCC_DcuOutput>units</DCC_DcuOutput>
			<GenDll>true</GenDll>
			<DCC_UsePackage>vcl;rtl;vclx;vclimg;vclactnband;dbrtl;vcldb;vcldbx;bdertl;vcltouch;xmlrtl;dsnap;dsnapcon;TeeUI;TeeDB;Tee;vclib;ibxpress;adortl;IndyCore;IndySystem;IndyProtocols;VclSmp;vclie;inet;websnap;webdsnap;inetdb;inetdbbde;inetdbxpress;soaprtl;vclribbon;dbexpress;DbxCommonDriver;DataSnapIndy10ServerTransport;DataSnapProviderClient;DbxClientDriver;DataSnapServer;DBXInterBaseDriver;DBXMySQLDriver;dbxcds;DBXFirebirdDriver;DBXSybaseASEDriver;DBXSybaseASADriver;DBXOracleDriver;DBXMSSQLDriver;DBXInformixDriver;DBXDb2Driver;dxCoreD14;cxLibraryD14;cxEditorsD14;cxExtEditorsD14;dxmdsD14;dxBarD14;cxBarEditItemD14;dxRibbonD14;dxBarExtItemsD14;dxBarExtDBItemsD14;dxBarDBNavD14;dxdbtrD14;dxtrmdD14;dxDockingD14;dxFlowChartD14;cxPageControlD14;dxLayoutControlD14;dxNavBarD14;dxorgcD14;dxdborD14;cxGridD14;cxPivotGridD14;cxPivotGridChartD14;cxPivotGridOLAPD14;cxTreeListD14;cxTreeListdxBarPopupMenuD14;cxSchedulerD14;cxSchedulerGridD14;dxComnD14;dxsbD14;dxSkinBlackD14;dxSkinsCoreD14;dxSkinBlueD14;dxSkinCaramelD14;dxSkinCoffeeD14;dxSkinDarkRoomD14;dxSkinDarkSideD14;dxSkinFoggyD14;dxSkinGlassOceansD14;dxSkiniMaginaryD14;dxSkinLilianD14;dxSkinLiquidSkyD14;dxSkinLondonLiquidSkyD14;dxSkinMcSkinD14;dxSkinMoneyTwinsD14;dxSkinOffice2007BlackD14;dxSkinOffice2007BlueD14;dxSkinOffice2007GreenD14;dxSkinOffice2007PinkD14;dxSkinOffice2007SilverD14;dxSkinPumpkinD14;dxSkinscxPCPainterD14;dxSkinscxScheduler3PainterD14;dxSkinsdxBarPainterD14;dxSkinsdxDLPainterD14;dxSkinsdxNavBar2PainterD14;dxSkinsdxRibbonPainterD14;dxSkinSevenD14;dxSkinSharpD14;dxSkinSilverD14;dxSkinSpringTimeD14;dxSkinStardustD14;dxSkinSummer2008D14;dxSkinValentineD14;dxSkinXmas2008BlueD14;dcldxSkinsCoreD14;cxSpreadSheetD14;cxVerticalGridD14;FIBPlus2010;FIBDBMidas2010;VerInfoFile;VCLZipD2010_4;rxctl;rxdb;rxbde;$(DCC_UsePackage)</DCC_UsePackage>
			<DCC_ImageBase>00400000</DCC_ImageBase>
			<DCC_Platform>x86</DCC_Platform>
		</PropertyGroup>
		<PropertyGroup Condition="'$(Base_Win64)'!=''">
			<Icon_MainIcon>libariel_Icon.ico</Icon_MainIcon>
		</PropertyGroup>
		<PropertyGroup Condition="'$(Base_Win32)'!=''">
			<Icon_MainIcon>libariel_Icon.ico</Icon_MainIcon>
			<DCC_Namespace>Winapi;System.Win;Data.Win;Datasnap.Win;Web.Win;Soap.Win;Xml.Win;Bde;$(DCC_Namespace)</DCC_Namespace>
			<VerInfo_IncludeVerInfo>true</VerInfo_IncludeVerInfo>
			<VerInfo_Locale>1033</VerInfo_Locale>
			<VerInfo_Keys>CompanyName=;FileDescription=;FileVersion=1.0.0.0;InternalName=;LegalCopyright=;LegalTrademarks=;OriginalFilename=;ProductName=;ProductVersion=1.0.0.0;Comments=</VerInfo_Keys>
		</PropertyGroup>
		<PropertyGroup Condition="'$(Cfg_1)'!=''">
			<DCC_LocalDebugSymbols>false</DCC_LocalDebugSymbols>
			<DCC_Define>RELEASE;$(DCC_Define)</DCC_Define>
			<DCC_SymbolReferenceInfo>0</DCC_SymbolReferenceInfo>
			<DCC_DebugInformation>false</DCC_DebugInformation>
		</PropertyGroup>
		<PropertyGroup Condition="'$(Cfg_2)'!=''">
			<DCC_Define>DEBUG;$(DCC_Define)</DCC_Define>
		</PropertyGroup>
		<ItemGroup>
			<DelphiCompile Include="$(MainSource)">
				<MainSource>MainSource</MainSource>
			</DelphiCompile>
			<DCCReference Include="src\libMain.pas"/>
			<DCCReference Include="src\libExport.pas"/>
			<DCCReference Include="src\libOperationData.pas"/>
			<DCCReference Include="src\Complx.pas"/>
			<DCCReference Include="src\SignalData.pas"/>
			<DCCReference Include="src\PLThreadProcSettings.pas"/>
			<DCCReference Include="src\PLData.pas"/>
			<DCCReference Include="src\PLThread.pas"/>
			<DCCReference Include="src\PLThreadProcData.pas"/>
			<DCCReference Include="src\PLThreadProcessor.pas"/>
			<BuildConfiguration Include="Debug">
				<Key>Cfg_2</Key>
				<CfgParent>Base</CfgParent>
			</BuildConfiguration>
			<BuildConfiguration Include="Base">
				<Key>Base</Key>
			</BuildConfiguration>
			<BuildConfiguration Include="Release">
				<Key>Cfg_1</Key>
				<CfgParent>Base</CfgParent>
			</BuildConfiguration>
		</ItemGroup>
		<Import Condition="Exists('$(BDS)\Bin\CodeGear.Delphi.Targets')" Project="$(BDS)\Bin\CodeGear.Delphi.Targets"/>
		<ProjectExtensions>
			<Borland.Personality>Delphi.Personality.12</Borland.Personality>
			<Borland.ProjectType/>
			<BorlandProject>
				<Delphi.Personality>
					<Source>
						<Source Name="MainSource">libariel.dpr</Source>
					</Source>
					<Parameters>
						<Parameters Name="UseLauncher">False</Parameters>
						<Parameters Name="LoadAllSymbols">True</Parameters>
						<Parameters Name="LoadUnspecifiedSymbols">False</Parameters>
					</Parameters>
					<VersionInfo>
						<VersionInfo Name="IncludeVerInfo">True</VersionInfo>
						<VersionInfo Name="AutoIncBuild">True</VersionInfo>
						<VersionInfo Name="MajorVer">1</VersionInfo>
						<VersionInfo Name="MinorVer">0</VersionInfo>
						<VersionInfo Name="Release">1</VersionInfo>
						<VersionInfo Name="Build">42</VersionInfo>
						<VersionInfo Name="Debug">False</VersionInfo>
						<VersionInfo Name="PreRelease">False</VersionInfo>
						<VersionInfo Name="Special">False</VersionInfo>
						<VersionInfo Name="Private">False</VersionInfo>
						<VersionInfo Name="DLL">False</VersionInfo>
						<VersionInfo Name="Locale">1049</VersionInfo>
						<VersionInfo Name="CodePage">1251</VersionInfo>
					</VersionInfo>
					<VersionInfoKeys>
						<VersionInfoKeys Name="CompanyName"/>
						<VersionInfoKeys Name="FileDescription"/>
						<VersionInfoKeys Name="FileVersion">1.0.1.42</VersionInfoKeys>
						<VersionInfoKeys Name="InternalName"/>
						<VersionInfoKeys Name="LegalCopyright"/>
						<VersionInfoKeys Name="LegalTrademarks"/>
						<VersionInfoKeys Name="OriginalFilename"/>
						<VersionInfoKeys Name="ProductName"/>
						<VersionInfoKeys Name="ProductVersion">1.0.0.0</VersionInfoKeys>
						<VersionInfoKeys Name="Comments"/>
					</VersionInfoKeys>
				</Delphi.Personality>
				<Platforms>
					<Platform value="Win64">False</Platform>
					<Platform value="OSX32">False</Platform>
					<Platform value="Win32">True</Platform>
				</Platforms>
			</BorlandProject>
			<ProjectFileVersion>12</ProjectFileVersion>
		</ProjectExtensions>
		<Import Condition="Exists('$(APPDATA)\Embarcadero\$(BDSAPPDATABASEDIR)\$(PRODUCTVERSION)\UserTools.proj')" Project="$(APPDATA)\Embarcadero\$(BDSAPPDATABASEDIR)\$(PRODUCTVERSION)\UserTools.proj"/>
	</Project>
